{
    "_meta": {
        "hash": {
            "sha256": "52edd4e55716334fe9911d790aec73871033d3a5b7b882415187b24ec87ecc80"
        },
        "pipfile-spec": 6,
        "requires": {
            "python_version": "3.9"
        },
        "sources": [
            {
                "name": "pypi",
                "url": "https://pypi.org/simple",
                "verify_ssl": true
            }
        ]
    },
    "default": {
        "routeros-api": {
            "hashes": [
                "sha256:1b9898460ecc4667b54e477d495b74c2f24ae0aac4c90dd0e62f23ec7eae8252",
                "sha256:bf38da94a570875eaa87ff537558f765a4697dbce1a9753070194b687f441bf0"
            ],
            "index": "pypi",
            "version": "==0.17.0"
        },
        "six": {
            "hashes": [
                "sha256:30639c035cdb23534cd4aa2dd52c3bf48f06e5f4a941509c8bafd8ce11080259",
                "sha256:8b74bedcbbbaca38ff6d7491d76f2b06b3592611af620f8426e82dddb04a5ced"
            ],
            "markers": "python_version >= '2.7' and python_version not in '3.0, 3.1, 3.2'",
            "version": "==1.15.0"
        }
    },
    "develop": {}
}
